// !$*UTF8*$!
{
	archiveVersion = 1;
	classes = {
	};
	objectVersion = 56;
	objects = {

/* Begin PBXBuildFile section */
		2A12D62E2B19F6C100C2998C /* AppDelegate.swift in Sources */ = {isa = PBXBuildFile; fileRef = 2A12D62D2B19F6C100C2998C /* AppDelegate.swift */; };
		2A12D6302B19F6C100C2998C /* SceneDelegate.swift in Sources */ = {isa = PBXBuildFile; fileRef = 2A12D62F2B19F6C100C2998C /* SceneDelegate.swift */; };
		2A12D6322B19F6C100C2998C /* ViewController.swift in Sources */ = {isa = PBXBuildFile; fileRef = 2A12D6312B19F6C100C2998C /* ViewController.swift */; };
		2A12D6352B19F6C100C2998C /* Main.storyboard in Resources */ = {isa = PBXBuildFile; fileRef = 2A12D6332B19F6C100C2998C /* Main.storyboard */; };
		2A12D6372B19F6C300C2998C /* Assets.xcassets in Resources */ = {isa = PBXBuildFile; fileRef = 2A12D6362B19F6C300C2998C /* Assets.xcassets */; };
		2A12D63A2B19F6C300C2998C /* LaunchScreen.storyboard in Resources */ = {isa = PBXBuildFile; fileRef = 2A12D6382B19F6C300C2998C /* LaunchScreen.storyboard */; };
		2A16BAD82B28F4E3003F0039 /* SecondViewController.swift in Sources */ = {isa = PBXBuildFile; fileRef = 2A16BAD72B28F4E3003F0039 /* SecondViewController.swift */; };
		2A16BADB2B2A75B3003F0039 /* FullAnnouncementTableViewCell.swift in Sources */ = {isa = PBXBuildFile; fileRef = 2A16BAD92B2A75B3003F0039 /* FullAnnouncementTableViewCell.swift */; };
		2A16BADC2B2A75B3003F0039 /* FullAnnouncementTableViewCell.xib in Resources */ = {isa = PBXBuildFile; fileRef = 2A16BADA2B2A75B3003F0039 /* FullAnnouncementTableViewCell.xib */; };
		2A16BAE02B2A7693003F0039 /* IconFullAnnounementCollectionViewCell.swift in Sources */ = {isa = PBXBuildFile; fileRef = 2A16BADE2B2A7693003F0039 /* IconFullAnnounementCollectionViewCell.swift */; };
		2A16BAE12B2A7693003F0039 /* IconFullAnnounementCollectionViewCell.xib in Resources */ = {isa = PBXBuildFile; fileRef = 2A16BADF2B2A7693003F0039 /* IconFullAnnounementCollectionViewCell.xib */; };
		2AA497A92B21FAAA00FAEFA3 /* CarInfo.swift in Sources */ = {isa = PBXBuildFile; fileRef = 2AA497A82B21FAAA00FAEFA3 /* CarInfo.swift */; };
		2AA497AD2B21FF4000FAEFA3 /* MainScreenTableViewCell.swift in Sources */ = {isa = PBXBuildFile; fileRef = 2AA497AB2B21FF4000FAEFA3 /* MainScreenTableViewCell.swift */; };
		2AA497AE2B21FF4000FAEFA3 /* MainScreenTableViewCell.xib in Resources */ = {isa = PBXBuildFile; fileRef = 2AA497AC2B21FF4000FAEFA3 /* MainScreenTableViewCell.xib */; };
		2AA497B12B21FF9E00FAEFA3 /* IconCollectionViewCell.swift in Sources */ = {isa = PBXBuildFile; fileRef = 2AA497AF2B21FF9E00FAEFA3 /* IconCollectionViewCell.swift */; };
		2AA497B22B21FF9E00FAEFA3 /* IconCollectionViewCell.xib in Resources */ = {isa = PBXBuildFile; fileRef = 2AA497B02B21FF9E00FAEFA3 /* IconCollectionViewCell.xib */; };
		2AA497B52B2200B100FAEFA3 /* EngineType.swift in Sources */ = {isa = PBXBuildFile; fileRef = 2AA497B42B2200B100FAEFA3 /* EngineType.swift */; };
		2AA497B72B2200C200FAEFA3 /* BodyType.swift in Sources */ = {isa = PBXBuildFile; fileRef = 2AA497B62B2200C200FAEFA3 /* BodyType.swift */; };
		2AA497B92B22015F00FAEFA3 /* TransmissionType.swift in Sources */ = {isa = PBXBuildFile; fileRef = 2AA497B82B22015E00FAEFA3 /* TransmissionType.swift */; };
/* End PBXBuildFile section */

/* Begin PBXFileReference section */
		2A12D62A2B19F6C100C2998C /* AVBYHomework.app */ = {isa = PBXFileReference; explicitFileType = wrapper.application; includeInIndex = 0; path = AVBYHomework.app; sourceTree = BUILT_PRODUCTS_DIR; };
		2A12D62D2B19F6C100C2998C /* AppDelegate.swift */ = {isa = PBXFileReference; lastKnownFileType = sourcecode.swift; path = AppDelegate.swift; sourceTree = "<group>"; };
		2A12D62F2B19F6C100C2998C /* SceneDelegate.swift */ = {isa = PBXFileReference; lastKnownFileType = sourcecode.swift; path = SceneDelegate.swift; sourceTree = "<group>"; };
		2A12D6312B19F6C100C2998C /* ViewController.swift */ = {isa = PBXFileReference; lastKnownFileType = sourcecode.swift; path = ViewController.swift; sourceTree = "<group>"; };
		2A12D6342B19F6C100C2998C /* Base */ = {isa = PBXFileReference; lastKnownFileType = file.storyboard; name = Base; path = Base.lproj/Main.storyboard; sourceTree = "<group>"; };
		2A12D6362B19F6C300C2998C /* Assets.xcassets */ = {isa = PBXFileReference; lastKnownFileType = folder.assetcatalog; path = Assets.xcassets; sourceTree = "<group>"; };
		2A12D6392B19F6C300C2998C /* Base */ = {isa = PBXFileReference; lastKnownFileType = file.storyboard; name = Base; path = Base.lproj/LaunchScreen.storyboard; sourceTree = "<group>"; };
		2A12D63B2B19F6C300C2998C /* Info.plist */ = {isa = PBXFileReference; lastKnownFileType = text.plist.xml; path = Info.plist; sourceTree = "<group>"; };
		2A16BAD72B28F4E3003F0039 /* SecondViewController.swift */ = {isa = PBXFileReference; lastKnownFileType = sourcecode.swift; path = SecondViewController.swift; sourceTree = "<group>"; };
		2A16BAD92B2A75B3003F0039 /* FullAnnouncementTableViewCell.swift */ = {isa = PBXFileReference; lastKnownFileType = sourcecode.swift; path = FullAnnouncementTableViewCell.swift; sourceTree = "<group>"; };
		2A16BADA2B2A75B3003F0039 /* FullAnnouncementTableViewCell.xib */ = {isa = PBXFileReference; lastKnownFileType = file.xib; path = FullAnnouncementTableViewCell.xib; sourceTree = "<group>"; };
		2A16BADE2B2A7693003F0039 /* IconFullAnnounementCollectionViewCell.swift */ = {isa = PBXFileReference; lastKnownFileType = sourcecode.swift; path = IconFullAnnounementCollectionViewCell.swift; sourceTree = "<group>"; };
		2A16BADF2B2A7693003F0039 /* IconFullAnnounementCollectionViewCell.xib */ = {isa = PBXFileReference; lastKnownFileType = file.xib; path = IconFullAnnounementCollectionViewCell.xib; sourceTree = "<group>"; };
		2AA497A82B21FAAA00FAEFA3 /* CarInfo.swift */ = {isa = PBXFileReference; lastKnownFileType = sourcecode.swift; path = CarInfo.swift; sourceTree = "<group>"; };
		2AA497AB2B21FF4000FAEFA3 /* MainScreenTableViewCell.swift */ = {isa = PBXFileReference; lastKnownFileType = sourcecode.swift; path = MainScreenTableViewCell.swift; sourceTree = "<group>"; };
		2AA497AC2B21FF4000FAEFA3 /* MainScreenTableViewCell.xib */ = {isa = PBXFileReference; lastKnownFileType = file.xib; path = MainScreenTableViewCell.xib; sourceTree = "<group>"; };
		2AA497AF2B21FF9E00FAEFA3 /* IconCollectionViewCell.swift */ = {isa = PBXFileReference; lastKnownFileType = sourcecode.swift; path = IconCollectionViewCell.swift; sourceTree = "<group>"; };
		2AA497B02B21FF9E00FAEFA3 /* IconCollectionViewCell.xib */ = {isa = PBXFileReference; lastKnownFileType = file.xib; path = IconCollectionViewCell.xib; sourceTree = "<group>"; };
		2AA497B42B2200B100FAEFA3 /* EngineType.swift */ = {isa = PBXFileReference; lastKnownFileType = sourcecode.swift; path = EngineType.swift; sourceTree = "<group>"; };
		2AA497B62B2200C200FAEFA3 /* BodyType.swift */ = {isa = PBXFileReference; lastKnownFileType = sourcecode.swift; path = BodyType.swift; sourceTree = "<group>"; };
		2AA497B82B22015E00FAEFA3 /* TransmissionType.swift */ = {isa = PBXFileReference; lastKnownFileType = sourcecode.swift; path = TransmissionType.swift; sourceTree = "<group>"; };
/* End PBXFileReference section */

/* Begin PBXFrameworksBuildPhase section */
		2A12D6272B19F6C100C2998C /* Frameworks */ = {
			isa = PBXFrameworksBuildPhase;
			buildActionMask = 2147483647;
			files = (
			);
			runOnlyForDeploymentPostprocessing = 0;
		};
/* End PBXFrameworksBuildPhase section */

/* Begin PBXGroup section */
		2A12D6212B19F6C100C2998C = {
			isa = PBXGroup;
			children = (
				2A12D62C2B19F6C100C2998C /* AVBYHomework */,
				2A12D62B2B19F6C100C2998C /* Products */,
			);
			sourceTree = "<group>";
		};
		2A12D62B2B19F6C100C2998C /* Products */ = {
			isa = PBXGroup;
			children = (
				2A12D62A2B19F6C100C2998C /* AVBYHomework.app */,
			);
			name = Products;
			sourceTree = "<group>";
		};
		2A12D62C2B19F6C100C2998C /* AVBYHomework */ = {
			isa = PBXGroup;
			children = (
				2A12D6332B19F6C100C2998C /* Main.storyboard */,
				2A12D6312B19F6C100C2998C /* ViewController.swift */,
				2A16BAD72B28F4E3003F0039 /* SecondViewController.swift */,
				2AA497AA2B21FEDF00FAEFA3 /* MainListAnnouncement */,
				2A16BADD2B2A75CF003F0039 /* FullAnnouncement */,
				2AA497B32B22009A00FAEFA3 /* Enums */,
				2AA497A82B21FAAA00FAEFA3 /* CarInfo.swift */,
				2A12D62D2B19F6C100C2998C /* AppDelegate.swift */,
				2A12D62F2B19F6C100C2998C /* SceneDelegate.swift */,
				2A12D6362B19F6C300C2998C /* Assets.xcassets */,
				2A12D63B2B19F6C300C2998C /* Info.plist */,
				2A12D6382B19F6C300C2998C /* LaunchScreen.storyboard */,
			);
			path = AVBYHomework;
			sourceTree = "<group>";
		};
		2A16BADD2B2A75CF003F0039 /* FullAnnouncement */ = {
			isa = PBXGroup;
			children = (
				2A16BAD92B2A75B3003F0039 /* FullAnnouncementTableViewCell.swift */,
				2A16BADA2B2A75B3003F0039 /* FullAnnouncementTableViewCell.xib */,
				2A16BADE2B2A7693003F0039 /* IconFullAnnounementCollectionViewCell.swift */,
				2A16BADF2B2A7693003F0039 /* IconFullAnnounementCollectionViewCell.xib */,
			);
			path = FullAnnouncement;
			sourceTree = "<group>";
		};
		2AA497AA2B21FEDF00FAEFA3 /* MainListAnnouncement */ = {
			isa = PBXGroup;
			children = (
				2AA497AB2B21FF4000FAEFA3 /* MainScreenTableViewCell.swift */,
				2AA497AC2B21FF4000FAEFA3 /* MainScreenTableViewCell.xib */,
				2AA497AF2B21FF9E00FAEFA3 /* IconCollectionViewCell.swift */,
				2AA497B02B21FF9E00FAEFA3 /* IconCollectionViewCell.xib */,
			);
			path = MainListAnnouncement;
			sourceTree = "<group>";
		};
		2AA497B32B22009A00FAEFA3 /* Enums */ = {
			isa = PBXGroup;
			children = (
				2AA497B42B2200B100FAEFA3 /* EngineType.swift */,
				2AA497B62B2200C200FAEFA3 /* BodyType.swift */,
				2AA497B82B22015E00FAEFA3 /* TransmissionType.swift */,
			);
			path = Enums;
			sourceTree = "<group>";
		};
/* End PBXGroup section */

/* Begin PBXNativeTarget section */
		2A12D6292B19F6C100C2998C /* AVBYHomework */ = {
			isa = PBXNativeTarget;
			buildConfigurationList = 2A12D63E2B19F6C300C2998C /* Build configuration list for PBXNativeTarget "AVBYHomework" */;
			buildPhases = (
				2A12D6262B19F6C100C2998C /* Sources */,
				2A12D6272B19F6C100C2998C /* Frameworks */,
				2A12D6282B19F6C100C2998C /* Resources */,
			);
			buildRules = (
			);
			dependencies = (
			);
			name = AVBYHomework;
			productName = AVBYHomework;
			productReference = 2A12D62A2B19F6C100C2998C /* AVBYHomework.app */;
			productType = "com.apple.product-type.application";
		};
/* End PBXNativeTarget section */

/* Begin PBXProject section */
		2A12D6222B19F6C100C2998C /* Project object */ = {
			isa = PBXProject;
			attributes = {
				BuildIndependentTargetsInParallel = 1;
				LastSwiftUpdateCheck = 1500;
				LastUpgradeCheck = 1500;
				TargetAttributes = {
					2A12D6292B19F6C100C2998C = {
						CreatedOnToolsVersion = 15.0.1;
					};
				};
			};
			buildConfigurationList = 2A12D6252B19F6C100C2998C /* Build configuration list for PBXProject "AVBYHomework" */;
			compatibilityVersion = "Xcode 14.0";
			developmentRegion = en;
			hasScannedForEncodings = 0;
			knownRegions = (
				en,
				Base,
			);
			mainGroup = 2A12D6212B19F6C100C2998C;
			productRefGroup = 2A12D62B2B19F6C100C2998C /* Products */;
			projectDirPath = "";
			projectRoot = "";
			targets = (
				2A12D6292B19F6C100C2998C /* AVBYHomework */,
			);
		};
/* End PBXProject section */

/* Begin PBXResourcesBuildPhase section */
		2A12D6282B19F6C100C2998C /* Resources */ = {
			isa = PBXResourcesBuildPhase;
			buildActionMask = 2147483647;
			files = (
				2AA497B22B21FF9E00FAEFA3 /* IconCollectionViewCell.xib in Resources */,
				2A16BADC2B2A75B3003F0039 /* FullAnnouncementTableViewCell.xib in Resources */,
				2AA497AE2B21FF4000FAEFA3 /* MainScreenTableViewCell.xib in Resources */,
				2A12D63A2B19F6C300C2998C /* LaunchScreen.storyboard in Resources */,
				2A16BAE12B2A7693003F0039 /* IconFullAnnounementCollectionViewCell.xib in Resources */,
				2A12D6372B19F6C300C2998C /* Assets.xcassets in Resources */,
				2A12D6352B19F6C100C2998C /* Main.storyboard in Resources */,
			);
			runOnlyForDeploymentPostprocessing = 0;
		};
/* End PBXResourcesBuildPhase section */

/* Begin PBXSourcesBuildPhase section */
		2A12D6262B19F6C100C2998C /* Sources */ = {
			isa = PBXSourcesBuildPhase;
			buildActionMask = 2147483647;
			files = (
				2A12D6322B19F6C100C2998C /* ViewController.swift in Sources */,
				2AA497B92B22015F00FAEFA3 /* TransmissionType.swift in Sources */,
				2AA497B72B2200C200FAEFA3 /* BodyType.swift in Sources */,
				2A16BADB2B2A75B3003F0039 /* FullAnnouncementTableViewCell.swift in Sources */,
				2A12D62E2B19F6C100C2998C /* AppDelegate.swift in Sources */,
				2A16BAE02B2A7693003F0039 /* IconFullAnnounementCollectionViewCell.swift in Sources */,
				2AA497AD2B21FF4000FAEFA3 /* MainScreenTableViewCell.swift in Sources */,
				2AA497A92B21FAAA00FAEFA3 /* CarInfo.swift in Sources */,
				2AA497B52B2200B100FAEFA3 /* EngineType.swift in Sources */,
				2A12D6302B19F6C100C2998C /* SceneDelegate.swift in Sources */,
				2A16BAD82B28F4E3003F0039 /* SecondViewController.swift in Sources */,
				2AA497B12B21FF9E00FAEFA3 /* IconCollectionViewCell.swift in Sources */,
			);
			runOnlyForDeploymentPostprocessing = 0;
		};
/* End PBXSourcesBuildPhase section */

/* Begin PBXVariantGroup section */
		2A12D6332B19F6C100C2998C /* Main.storyboard */ = {
			isa = PBXVariantGroup;
			children = (
				2A12D6342B19F6C100C2998C /* Base */,
			);
			name = Main.storyboard;
			sourceTree = "<group>";
		};
		2A12D6382B19F6C300C2998C /* LaunchScreen.storyboard */ = {
			isa = PBXVariantGroup;
			children = (
				2A12D6392B19F6C300C2998C /* Base */,
			);
			name = LaunchScreen.storyboard;
			sourceTree = "<group>";
		};
/* End PBXVariantGroup section */

/* Begin XCBuildConfiguration section */
		2A12D63C2B19F6C300C2998C /* Debug */ = {
			isa = XCBuildConfiguration;
			buildSettings = {
				ALWAYS_SEARCH_USER_PATHS = NO;
				ASSETCATALOG_COMPILER_GENERATE_SWIFT_ASSET_SYMBOL_EXTENSIONS = YES;
				CLANG_ANALYZER_NONNULL = YES;
				CLANG_ANALYZER_NUMBER_OBJECT_CONVERSION = YES_AGGRESSIVE;
				CLANG_CXX_LANGUAGE_STANDARD = "gnu++20";
				CLANG_ENABLE_MODULES = YES;
				CLANG_ENABLE_OBJC_ARC = YES;
				CLANG_ENABLE_OBJC_WEAK = YES;
				CLANG_WARN_BLOCK_CAPTURE_AUTORELEASING = YES;
				CLANG_WARN_BOOL_CONVERSION = YES;
				CLANG_WARN_COMMA = YES;
				CLANG_WARN_CONSTANT_CONVERSION = YES;
				CLANG_WARN_DEPRECATED_OBJC_IMPLEMENTATIONS = YES;
				CLANG_WARN_DIRECT_OBJC_ISA_USAGE = YES_ERROR;
				CLANG_WARN_DOCUMENTATION_COMMENTS = YES;
				CLANG_WARN_EMPTY_BODY = YES;
				CLANG_WARN_ENUM_CONVERSION = YES;
				CLANG_WARN_INFINITE_RECURSION = YES;
				CLANG_WARN_INT_CONVERSION = YES;
				CLANG_WARN_NON_LITERAL_NULL_CONVERSION = YES;
				CLANG_WARN_OBJC_IMPLICIT_RETAIN_SELF = YES;
				CLANG_WARN_OBJC_LITERAL_CONVERSION = YES;
				CLANG_WARN_OBJC_ROOT_CLASS = YES_ERROR;
				CLANG_WARN_QUOTED_INCLUDE_IN_FRAMEWORK_HEADER = YES;
				CLANG_WARN_RANGE_LOOP_ANALYSIS = YES;
				CLANG_WARN_STRICT_PROTOTYPES = YES;
				CLANG_WARN_SUSPICIOUS_MOVE = YES;
				CLANG_WARN_UNGUARDED_AVAILABILITY = YES_AGGRESSIVE;
				CLANG_WARN_UNREACHABLE_CODE = YES;
				CLANG_WARN__DUPLICATE_METHOD_MATCH = YES;
				COPY_PHASE_STRIP = NO;
				DEBUG_INFORMATION_FORMAT = dwarf;
				ENABLE_STRICT_OBJC_MSGSEND = YES;
				ENABLE_TESTABILITY = YES;
				ENABLE_USER_SCRIPT_SANDBOXING = YES;
				GCC_C_LANGUAGE_STANDARD = gnu17;
				GCC_DYNAMIC_NO_PIC = NO;
				GCC_NO_COMMON_BLOCKS = YES;
				GCC_OPTIMIZATION_LEVEL = 0;
				GCC_PREPROCESSOR_DEFINITIONS = (
					"DEBUG=1",
					"$(inherited)",
				);
				GCC_WARN_64_TO_32_BIT_CONVERSION = YES;
				GCC_WARN_ABOUT_RETURN_TYPE = YES_ERROR;
				GCC_WARN_UNDECLARED_SELECTOR = YES;
				GCC_WARN_UNINITIALIZED_AUTOS = YES_AGGRESSIVE;
				GCC_WARN_UNUSED_FUNCTION = YES;
				GCC_WARN_UNUSED_VARIABLE = YES;
				IPHONEOS_DEPLOYMENT_TARGET = 17.0;
				LOCALIZATION_PREFERS_STRING_CATALOGS = YES;
				MTL_ENABLE_DEBUG_INFO = INCLUDE_SOURCE;
				MTL_FAST_MATH = YES;
				ONLY_ACTIVE_ARCH = YES;
				SDKROOT = iphoneos;
				SWIFT_ACTIVE_COMPILATION_CONDITIONS = "DEBUG $(inherited)";
				SWIFT_OPTIMIZATION_LEVEL = "-Onone";
			};
			name = Debug;
		};
		2A12D63D2B19F6C300C2998C /* Release */ = {
			isa = XCBuildConfiguration;
			buildSettings = {
				ALWAYS_SEARCH_USER_PATHS = NO;
				ASSETCATALOG_COMPILER_GENERATE_SWIFT_ASSET_SYMBOL_EXTENSIONS = YES;
				CLANG_ANALYZER_NONNULL = YES;
				CLANG_ANALYZER_NUMBER_OBJECT_CONVERSION = YES_AGGRESSIVE;
				CLANG_CXX_LANGUAGE_STANDARD = "gnu++20";
				CLANG_ENABLE_MODULES = YES;
				CLANG_ENABLE_OBJC_ARC = YES;
				CLANG_ENABLE_OBJC_WEAK = YES;
				CLANG_WARN_BLOCK_CAPTURE_AUTORELEASING = YES;
				CLANG_WARN_BOOL_CONVERSION = YES;
				CLANG_WARN_COMMA = YES;
				CLANG_WARN_CONSTANT_CONVERSION = YES;
				CLANG_WARN_DEPRECATED_OBJC_IMPLEMENTATIONS = YES;
				CLANG_WARN_DIRECT_OBJC_ISA_USAGE = YES_ERROR;
				CLANG_WARN_DOCUMENTATION_COMMENTS = YES;
				CLANG_WARN_EMPTY_BODY = YES;
				CLANG_WARN_ENUM_CONVERSION = YES;
				CLANG_WARN_INFINITE_RECURSION = YES;
				CLANG_WARN_INT_CONVERSION = YES;
				CLANG_WARN_NON_LITERAL_NULL_CONVERSION = YES;
				CLANG_WARN_OBJC_IMPLICIT_RETAIN_SELF = YES;
				CLANG_WARN_OBJC_LITERAL_CONVERSION = YES;
				CLANG_WARN_OBJC_ROOT_CLASS = YES_ERROR;
				CLANG_WARN_QUOTED_INCLUDE_IN_FRAMEWORK_HEADER = YES;
				CLANG_WARN_RANGE_LOOP_ANALYSIS = YES;
				CLANG_WARN_STRICT_PROTOTYPES = YES;
				CLANG_WARN_SUSPICIOUS_MOVE = YES;
				CLANG_WARN_UNGUARDED_AVAILABILITY = YES_AGGRESSIVE;
				CLANG_WARN_UNREACHABLE_CODE = YES;
				CLANG_WARN__DUPLICATE_METHOD_MATCH = YES;
				COPY_PHASE_STRIP = NO;
				DEBUG_INFORMATION_FORMAT = "dwarf-with-dsym";
				ENABLE_NS_ASSERTIONS = NO;
				ENABLE_STRICT_OBJC_MSGSEND = YES;
				ENABLE_USER_SCRIPT_SANDBOXING = YES;
				GCC_C_LANGUAGE_STANDARD = gnu17;
				GCC_NO_COMMON_BLOCKS = YES;
				GCC_WARN_64_TO_32_BIT_CONVERSION = YES;
				GCC_WARN_ABOUT_RETURN_TYPE = YES_ERROR;
				GCC_WARN_UNDECLARED_SELECTOR = YES;
				GCC_WARN_UNINITIALIZED_AUTOS = YES_AGGRESSIVE;
				GCC_WARN_UNUSED_FUNCTION = YES;
				GCC_WARN_UNUSED_VARIABLE = YES;
				IPHONEOS_DEPLOYMENT_TARGET = 17.0;
				LOCALIZATION_PREFERS_STRING_CATALOGS = YES;
				MTL_ENABLE_DEBUG_INFO = NO;
				MTL_FAST_MATH = YES;
				SDKROOT = iphoneos;
				SWIFT_COMPILATION_MODE = wholemodule;
				VALIDATE_PRODUCT = YES;
			};
			name = Release;
		};
		2A12D63F2B19F6C300C2998C /* Debug */ = {
			isa = XCBuildConfiguration;
			buildSettings = {
				ASSETCATALOG_COMPILER_APPICON_NAME = AppIcon;
				ASSETCATALOG_COMPILER_GLOBAL_ACCENT_COLOR_NAME = AccentColor;
				CODE_SIGN_STYLE = Automatic;
				CURRENT_PROJECT_VERSION = 1;
				GENERATE_INFOPLIST_FILE = YES;
				INFOPLIST_FILE = AVBYHomework/Info.plist;
				INFOPLIST_KEY_UIApplicationSupportsIndirectInputEvents = YES;
				INFOPLIST_KEY_UILaunchStoryboardName = LaunchScreen;
				INFOPLIST_KEY_UIMainStoryboardFile = Main;
				INFOPLIST_KEY_UISupportedInterfaceOrientations_iPad = "UIInterfaceOrientationPortrait UIInterfaceOrientationPortraitUpsideDown UIInterfaceOrientationLandscapeLeft UIInterfaceOrientationLandscapeRight";
				INFOPLIST_KEY_UISupportedInterfaceOrientations_iPhone = "UIInterfaceOrientationPortrait UIInterfaceOrientationLandscapeLeft UIInterfaceOrientationLandscapeRight";
				LD_RUNPATH_SEARCH_PATHS = (
					"$(inherited)",
					"@executable_path/Frameworks",
				);
				MARKETING_VERSION = 1.0;
				PRODUCT_BUNDLE_IDENTIFIER = dim04ka.AVBYHomework;
				PRODUCT_NAME = "$(TARGET_NAME)";
				SWIFT_EMIT_LOC_STRINGS = YES;
				SWIFT_VERSION = 5.0;
				TARGETED_DEVICE_FAMILY = "1,2";
			};
			name = Debug;
		};
		2A12D6402B19F6C300C2998C /* Release */ = {
			isa = XCBuildConfiguration;
			buildSettings = {
				ASSETCATALOG_COMPILER_APPICON_NAME = AppIcon;
				ASSETCATALOG_COMPILER_GLOBAL_ACCENT_COLOR_NAME = AccentColor;
				CODE_SIGN_STYLE = Automatic;
				CURRENT_PROJECT_VERSION = 1;
				GENERATE_INFOPLIST_FILE = YES;
				INFOPLIST_FILE = AVBYHomework/Info.plist;
				INFOPLIST_KEY_UIApplicationSupportsIndirectInputEvents = YES;
				INFOPLIST_KEY_UILaunchStoryboardName = LaunchScreen;
				INFOPLIST_KEY_UIMainStoryboardFile = Main;
				INFOPLIST_KEY_UISupportedInterfaceOrientations_iPad = "UIInterfaceOrientationPortrait UIInterfaceOrientationPortraitUpsideDown UIInterfaceOrientationLandscapeLeft UIInterfaceOrientationLandscapeRight";
				INFOPLIST_KEY_UISupportedInterfaceOrientations_iPhone = "UIInterfaceOrientationPortrait UIInterfaceOrientationLandscapeLeft UIInterfaceOrientationLandscapeRight";
				LD_RUNPATH_SEARCH_PATHS = (
					"$(inherited)",
					"@executable_path/Frameworks",
				);
				MARKETING_VERSION = 1.0;
				PRODUCT_BUNDLE_IDENTIFIER = dim04ka.AVBYHomework;
				PRODUCT_NAME = "$(TARGET_NAME)";
				SWIFT_EMIT_LOC_STRINGS = YES;
				SWIFT_VERSION = 5.0;
				TARGETED_DEVICE_FAMILY = "1,2";
			};
			name = Release;
		};
/* End XCBuildConfiguration section */

/* Begin XCConfigurationList section */
		2A12D6252B19F6C100C2998C /* Build configuration list for PBXProject "AVBYHomework" */ = {
			isa = XCConfigurationList;
			buildConfigurations = (
				2A12D63C2B19F6C300C2998C /* Debug */,
				2A12D63D2B19F6C300C2998C /* Release */,
			);
			defaultConfigurationIsVisible = 0;
			defaultConfigurationName = Release;
		};
		2A12D63E2B19F6C300C2998C /* Build configuration list for PBXNativeTarget "AVBYHomework" */ = {
			isa = XCConfigurationList;
			buildConfigurations = (
				2A12D63F2B19F6C300C2998C /* Debug */,
				2A12D6402B19F6C300C2998C /* Release */,
			);
			defaultConfigurationIsVisible = 0;
			defaultConfigurationName = Release;
		};
/* End XCConfigurationList section */
	};
	rootObject = 2A12D6222B19F6C100C2998C /* Project object */;
}
